
Microsoft Visual Studio Solution File, Format Version 12.00
# Visual Studio Version 16
VisualStudioVersion = 16.0.30711.63
MinimumVisualStudioVersion = 10.0.40219.1
Project("{FAE04EC0-301F-11D3-BF4B-00C04F79EFBC}") = "NoDoz", "NoDoz\NoDoz.csproj", "{98DD1889-FAA3-4685-8CCD-D0E7F6A42586}"
EndProject
Global
	GlobalSection(SolutionConfigurationPlatforms) = preSolution
		Debug|Any CPU = Debug|Any CPU
		Release|Any CPU = Release|Any CPU
	EndGlobalSection
	GlobalSection(ProjectConfigurationPlatforms) = postSolution
		{98DD1889-FAA3-4685-8CCD-D0E7F6A42586}.Debug|Any CPU.ActiveCfg = Debug|Any CPU
		{98DD1889-FAA3-4685-8CCD-D0E7F6A42586}.Debug|Any CPU.Build.0 = Debug|Any CPU
		{98DD1889-FAA3-4685-8CCD-D0E7F6A42586}.Release|Any CPU.ActiveCfg = Release|Any CPU
		{98DD1889-FAA3-4685-8CCD-D0E7F6A42586}.Release|Any CPU.Build.0 = Release|Any CPU
	EndGlobalSection
	GlobalSection(SolutionProperties) = preSolution
		HideSolutionNode = FALSE
	EndGlobalSection
	GlobalSection(ExtensibilityGlobals) = postSolution
		SolutionGuid = {0E1E0FF0-C327-424B-A803-77F895FED3E5}
	EndGlobalSection
EndGlobal
